
Microsoft Visual Studio Solution File, Format Version 12.00
# Visual Studio Version 17
VisualStudioVersion = 17.13.35931.197
MinimumVisualStudioVersion = 10.0.40219.1
Project("{8BC9CEB8-8B4A-11D0-8D11-00A0C91BC942}") = "TesterCpp", "TesterCpp\TesterCpp.vcxproj", "{625F82D6-6574-4C5F-B12E-C044B5D07A1E}"
EndProject
Project("{8BC9CEB8-8B4A-11D0-8D11-00A0C91BC942}") = "xlCANdemo", "xlCANdemo\xlCANdemo.vcxproj", "{304D975A-4066-454A-8019-C2BE0DDA996E}"
EndProject
Global
	GlobalSection(SolutionConfigurationPlatforms) = preSolution
		Debug|x64 = Debug|x64
		Debug|x86 = Debug|x86
		Release|x64 = Release|x64
		Release|x86 = Release|x86
	EndGlobalSection
	GlobalSection(ProjectConfigurationPlatforms) = postSolution
		{625F82D6-6574-4C5F-B12E-C044B5D07A1E}.Debug|x64.ActiveCfg = Debug|x64
		{625F82D6-6574-4C5F-B12E-C044B5D07A1E}.Debug|x64.Build.0 = Debug|x64
		{625F82D6-6574-4C5F-B12E-C044B5D07A1E}.Debug|x86.ActiveCfg = Debug|Win32
		{625F82D6-6574-4C5F-B12E-C044B5D07A1E}.Debug|x86.Build.0 = Debug|Win32
		{625F82D6-6574-4C5F-B12E-C044B5D07A1E}.Release|x64.ActiveCfg = Release|x64
		{625F82D6-6574-4C5F-B12E-C044B5D07A1E}.Release|x64.Build.0 = Release|x64
		{625F82D6-6574-4C5F-B12E-C044B5D07A1E}.Release|x86.ActiveCfg = Release|Win32
		{625F82D6-6574-4C5F-B12E-C044B5D07A1E}.Release|x86.Build.0 = Release|Win32
		{304D975A-4066-454A-8019-C2BE0DDA996E}.Debug|x64.ActiveCfg = Debug|x64
		{304D975A-4066-454A-8019-C2BE0DDA996E}.Debug|x64.Build.0 = Debug|x64
		{304D975A-4066-454A-8019-C2BE0DDA996E}.Debug|x86.ActiveCfg = Debug|Win32
		{304D975A-4066-454A-8019-C2BE0DDA996E}.Debug|x86.Build.0 = Debug|Win32
		{304D975A-4066-454A-8019-C2BE0DDA996E}.Release|x64.ActiveCfg = Release|x64
		{304D975A-4066-454A-8019-C2BE0DDA996E}.Release|x64.Build.0 = Release|x64
		{304D975A-4066-454A-8019-C2BE0DDA996E}.Release|x86.ActiveCfg = Release|Win32
		{304D975A-4066-454A-8019-C2BE0DDA996E}.Release|x86.Build.0 = Release|Win32
	EndGlobalSection
	GlobalSection(SolutionProperties) = preSolution
		HideSolutionNode = FALSE
	EndGlobalSection
	GlobalSection(ExtensibilityGlobals) = postSolution
		SolutionGuid = {01096FDD-4943-4984-A8A6-ADFF9A36F4D1}
	EndGlobalSection
EndGlobal
